// !$*UTF8*$!
{
	archiveVersion = 1;
	classes = {
	};
	objectVersion = 56;
	objects = {

/* Begin PBXBuildFile section */
		6441F8E52BD6364000EF56DF /* ZoomableCollectionView.swift in Sources */ = {isa = PBXBuildFile; fileRef = 6441F8E42BD6364000EF56DF /* ZoomableCollectionView.swift */; };
		648D5BCC2BD65C5200534679 /* Utils.swift in Sources */ = {isa = PBXBuildFile; fileRef = 648D5BCB2BD65C5200534679 /* Utils.swift */; };
		648D5BCE2BD65CD300534679 /* TwoViewController.swift in Sources */ = {isa = PBXBuildFile; fileRef = 648D5BCD2BD65CD300534679 /* TwoViewController.swift */; };
		64D1CF7A2BD2460C00D4C065 /* AppDelegate.swift in Sources */ = {isa = PBXBuildFile; fileRef = 64D1CF792BD2460C00D4C065 /* AppDelegate.swift */; };
		64D1CF7C2BD2460C00D4C065 /* SceneDelegate.swift in Sources */ = {isa = PBXBuildFile; fileRef = 64D1CF7B2BD2460C00D4C065 /* SceneDelegate.swift */; };
		64D1CF7E2BD2460C00D4C065 /* ViewController.swift in Sources */ = {isa = PBXBuildFile; fileRef = 64D1CF7D2BD2460C00D4C065 /* ViewController.swift */; };
		64D1CF812BD2460C00D4C065 /* Main.storyboard in Resources */ = {isa = PBXBuildFile; fileRef = 64D1CF7F2BD2460C00D4C065 /* Main.storyboard */; };
		64D1CF832BD2460E00D4C065 /* Assets.xcassets in Resources */ = {isa = PBXBuildFile; fileRef = 64D1CF822BD2460E00D4C065 /* Assets.xcassets */; };
		64D1CF862BD2460E00D4C065 /* LaunchScreen.storyboard in Resources */ = {isa = PBXBuildFile; fileRef = 64D1CF842BD2460E00D4C065 /* LaunchScreen.storyboard */; };
/* End PBXBuildFile section */

/* Begin PBXFileReference section */
		6441F8E42BD6364000EF56DF /* ZoomableCollectionView.swift */ = {isa = PBXFileReference; fileEncoding = 4; lastKnownFileType = sourcecode.swift; path = ZoomableCollectionView.swift; sourceTree = "<group>"; };
		648D5BCB2BD65C5200534679 /* Utils.swift */ = {isa = PBXFileReference; lastKnownFileType = sourcecode.swift; path = Utils.swift; sourceTree = "<group>"; };
		648D5BCD2BD65CD300534679 /* TwoViewController.swift */ = {isa = PBXFileReference; lastKnownFileType = sourcecode.swift; path = TwoViewController.swift; sourceTree = "<group>"; };
		64D1CF762BD2460C00D4C065 /* CollectionViewPhotos.app */ = {isa = PBXFileReference; explicitFileType = wrapper.application; includeInIndex = 0; path = CollectionViewPhotos.app; sourceTree = BUILT_PRODUCTS_DIR; };
		64D1CF792BD2460C00D4C065 /* AppDelegate.swift */ = {isa = PBXFileReference; lastKnownFileType = sourcecode.swift; path = AppDelegate.swift; sourceTree = "<group>"; };
		64D1CF7B2BD2460C00D4C065 /* SceneDelegate.swift */ = {isa = PBXFileReference; lastKnownFileType = sourcecode.swift; path = SceneDelegate.swift; sourceTree = "<group>"; };
		64D1CF7D2BD2460C00D4C065 /* ViewController.swift */ = {isa = PBXFileReference; lastKnownFileType = sourcecode.swift; path = ViewController.swift; sourceTree = "<group>"; };
		64D1CF802BD2460C00D4C065 /* Base */ = {isa = PBXFileReference; lastKnownFileType = file.storyboard; name = Base; path = Base.lproj/Main.storyboard; sourceTree = "<group>"; };
		64D1CF822BD2460E00D4C065 /* Assets.xcassets */ = {isa = PBXFileReference; lastKnownFileType = folder.assetcatalog; path = Assets.xcassets; sourceTree = "<group>"; };
		64D1CF852BD2460E00D4C065 /* Base */ = {isa = PBXFileReference; lastKnownFileType = file.storyboard; name = Base; path = Base.lproj/LaunchScreen.storyboard; sourceTree = "<group>"; };
		64D1CF872BD2460E00D4C065 /* Info.plist */ = {isa = PBXFileReference; lastKnownFileType = text.plist.xml; path = Info.plist; sourceTree = "<group>"; };
/* End PBXFileReference section */

/* Begin PBXFrameworksBuildPhase section */
		64D1CF732BD2460C00D4C065 /* Frameworks */ = {
			isa = PBXFrameworksBuildPhase;
			buildActionMask = 2147483647;
			files = (
			);
			runOnlyForDeploymentPostprocessing = 0;
		};
/* End PBXFrameworksBuildPhase section */

/* Begin PBXGroup section */
		64D1CF6D2BD2460C00D4C065 = {
			isa = PBXGroup;
			children = (
				64D1CF782BD2460C00D4C065 /* CollectionViewPhotos */,
				64D1CF772BD2460C00D4C065 /* Products */,
			);
			sourceTree = "<group>";
		};
		64D1CF772BD2460C00D4C065 /* Products */ = {
			isa = PBXGroup;
			children = (
				64D1CF762BD2460C00D4C065 /* CollectionViewPhotos.app */,
			);
			name = Products;
			sourceTree = "<group>";
		};
		64D1CF782BD2460C00D4C065 /* CollectionViewPhotos */ = {
			isa = PBXGroup;
			children = (
				648D5BCB2BD65C5200534679 /* Utils.swift */,
				6441F8E42BD6364000EF56DF /* ZoomableCollectionView.swift */,
				64D1CF792BD2460C00D4C065 /* AppDelegate.swift */,
				64D1CF7B2BD2460C00D4C065 /* SceneDelegate.swift */,
				64D1CF7D2BD2460C00D4C065 /* ViewController.swift */,
				648D5BCD2BD65CD300534679 /* TwoViewController.swift */,
				64D1CF7F2BD2460C00D4C065 /* Main.storyboard */,
				64D1CF822BD2460E00D4C065 /* Assets.xcassets */,
				64D1CF842BD2460E00D4C065 /* LaunchScreen.storyboard */,
				64D1CF872BD2460E00D4C065 /* Info.plist */,
			);
			path = CollectionViewPhotos;
			sourceTree = "<group>";
		};
/* End PBXGroup section */

/* Begin PBXNativeTarget section */
		64D1CF752BD2460C00D4C065 /* CollectionViewPhotos */ = {
			isa = PBXNativeTarget;
			buildConfigurationList = 64D1CF8A2BD2460E00D4C065 /* Build configuration list for PBXNativeTarget "CollectionViewPhotos" */;
			buildPhases = (
				64D1CF722BD2460C00D4C065 /* Sources */,
				64D1CF732BD2460C00D4C065 /* Frameworks */,
				64D1CF742BD2460C00D4C065 /* Resources */,
			);
			buildRules = (
			);
			dependencies = (
			);
			name = CollectionViewPhotos;
			productName = CollectionViewPhotos;
			productReference = 64D1CF762BD2460C00D4C065 /* CollectionViewPhotos.app */;
			productType = "com.apple.product-type.application";
		};
/* End PBXNativeTarget section */

/* Begin PBXProject section */
		64D1CF6E2BD2460C00D4C065 /* Project object */ = {
			isa = PBXProject;
			attributes = {
				BuildIndependentTargetsInParallel = 1;
				LastSwiftUpdateCheck = 1520;
				LastUpgradeCheck = 1520;
				TargetAttributes = {
					64D1CF752BD2460C00D4C065 = {
						CreatedOnToolsVersion = 15.2;
					};
				};
			};
			buildConfigurationList = 64D1CF712BD2460C00D4C065 /* Build configuration list for PBXProject "CollectionViewPhotos" */;
			compatibilityVersion = "Xcode 14.0";
			developmentRegion = en;
			hasScannedForEncodings = 0;
			knownRegions = (
				en,
				Base,
			);
			mainGroup = 64D1CF6D2BD2460C00D4C065;
			productRefGroup = 64D1CF772BD2460C00D4C065 /* Products */;
			projectDirPath = "";
			projectRoot = "";
			targets = (
				64D1CF752BD2460C00D4C065 /* CollectionViewPhotos */,
			);
		};
/* End PBXProject section */

/* Begin PBXResourcesBuildPhase section */
		64D1CF742BD2460C00D4C065 /* Resources */ = {
			isa = PBXResourcesBuildPhase;
			buildActionMask = 2147483647;
			files = (
				64D1CF862BD2460E00D4C065 /* LaunchScreen.storyboard in Resources */,
				64D1CF832BD2460E00D4C065 /* Assets.xcassets in Resources */,
				64D1CF812BD2460C00D4C065 /* Main.storyboard in Resources */,
			);
			runOnlyForDeploymentPostprocessing = 0;
		};
/* End PBXResourcesBuildPhase section */

/* Begin PBXSourcesBuildPhase section */
		64D1CF722BD2460C00D4C065 /* Sources */ = {
			isa = PBXSourcesBuildPhase;
			buildActionMask = 2147483647;
			files = (
				648D5BCC2BD65C5200534679 /* Utils.swift in Sources */,
				64D1CF7E2BD2460C00D4C065 /* ViewController.swift in Sources */,
				64D1CF7A2BD2460C00D4C065 /* AppDelegate.swift in Sources */,
				64D1CF7C2BD2460C00D4C065 /* SceneDelegate.swift in Sources */,
				6441F8E52BD6364000EF56DF /* ZoomableCollectionView.swift in Sources */,
				648D5BCE2BD65CD300534679 /* TwoViewController.swift in Sources */,
			);
			runOnlyForDeploymentPostprocessing = 0;
		};
/* End PBXSourcesBuildPhase section */

/* Begin PBXVariantGroup section */
		64D1CF7F2BD2460C00D4C065 /* Main.storyboard */ = {
			isa = PBXVariantGroup;
			children = (
				64D1CF802BD2460C00D4C065 /* Base */,
			);
			name = Main.storyboard;
			sourceTree = "<group>";
		};
		64D1CF842BD2460E00D4C065 /* LaunchScreen.storyboard */ = {
			isa = PBXVariantGroup;
			children = (
				64D1CF852BD2460E00D4C065 /* Base */,
			);
			name = LaunchScreen.storyboard;
			sourceTree = "<group>";
		};
/* End PBXVariantGroup section */

/* Begin XCBuildConfiguration section */
		64D1CF882BD2460E00D4C065 /* Debug */ = {
			isa = XCBuildConfiguration;
			buildSettings = {
				ALWAYS_SEARCH_USER_PATHS = NO;
				ASSETCATALOG_COMPILER_GENERATE_SWIFT_ASSET_SYMBOL_EXTENSIONS = YES;
				CLANG_ANALYZER_NONNULL = YES;
				CLANG_ANALYZER_NUMBER_OBJECT_CONVERSION = YES_AGGRESSIVE;
				CLANG_CXX_LANGUAGE_STANDARD = "gnu++20";
				CLANG_ENABLE_MODULES = YES;
				CLANG_ENABLE_OBJC_ARC = YES;
				CLANG_ENABLE_OBJC_WEAK = YES;
				CLANG_WARN_BLOCK_CAPTURE_AUTORELEASING = YES;
				CLANG_WARN_BOOL_CONVERSION = YES;
				CLANG_WARN_COMMA = YES;
				CLANG_WARN_CONSTANT_CONVERSION = YES;
				CLANG_WARN_DEPRECATED_OBJC_IMPLEMENTATIONS = YES;
				CLANG_WARN_DIRECT_OBJC_ISA_USAGE = YES_ERROR;
				CLANG_WARN_DOCUMENTATION_COMMENTS = YES;
				CLANG_WARN_EMPTY_BODY = YES;
				CLANG_WARN_ENUM_CONVERSION = YES;
				CLANG_WARN_INFINITE_RECURSION = YES;
				CLANG_WARN_INT_CONVERSION = YES;
				CLANG_WARN_NON_LITERAL_NULL_CONVERSION = YES;
				CLANG_WARN_OBJC_IMPLICIT_RETAIN_SELF = YES;
				CLANG_WARN_OBJC_LITERAL_CONVERSION = YES;
				CLANG_WARN_OBJC_ROOT_CLASS = YES_ERROR;
				CLANG_WARN_QUOTED_INCLUDE_IN_FRAMEWORK_HEADER = YES;
				CLANG_WARN_RANGE_LOOP_ANALYSIS = YES;
				CLANG_WARN_STRICT_PROTOTYPES = YES;
				CLANG_WARN_SUSPICIOUS_MOVE = YES;
				CLANG_WARN_UNGUARDED_AVAILABILITY = YES_AGGRESSIVE;
				CLANG_WARN_UNREACHABLE_CODE = YES;
				CLANG_WARN__DUPLICATE_METHOD_MATCH = YES;
				COPY_PHASE_STRIP = NO;
				DEBUG_INFORMATION_FORMAT = dwarf;
				ENABLE_STRICT_OBJC_MSGSEND = YES;
				ENABLE_TESTABILITY = YES;
				ENABLE_USER_SCRIPT_SANDBOXING = YES;
				GCC_C_LANGUAGE_STANDARD = gnu17;
				GCC_DYNAMIC_NO_PIC = NO;
				GCC_NO_COMMON_BLOCKS = YES;
				GCC_OPTIMIZATION_LEVEL = 0;
				GCC_PREPROCESSOR_DEFINITIONS = (
					"DEBUG=1",
					"$(inherited)",
				);
				GCC_WARN_64_TO_32_BIT_CONVERSION = YES;
				GCC_WARN_ABOUT_RETURN_TYPE = YES_ERROR;
				GCC_WARN_UNDECLARED_SELECTOR = YES;
				GCC_WARN_UNINITIALIZED_AUTOS = YES_AGGRESSIVE;
				GCC_WARN_UNUSED_FUNCTION = YES;
				GCC_WARN_UNUSED_VARIABLE = YES;
				IPHONEOS_DEPLOYMENT_TARGET = 17.2;
				LOCALIZATION_PREFERS_STRING_CATALOGS = YES;
				MTL_ENABLE_DEBUG_INFO = INCLUDE_SOURCE;
				MTL_FAST_MATH = YES;
				ONLY_ACTIVE_ARCH = YES;
				SDKROOT = iphoneos;
				SWIFT_ACTIVE_COMPILATION_CONDITIONS = "DEBUG $(inherited)";
				SWIFT_OPTIMIZATION_LEVEL = "-Onone";
			};
			name = Debug;
		};
		64D1CF892BD2460E00D4C065 /* Release */ = {
			isa = XCBuildConfiguration;
			buildSettings = {
				ALWAYS_SEARCH_USER_PATHS = NO;
				ASSETCATALOG_COMPILER_GENERATE_SWIFT_ASSET_SYMBOL_EXTENSIONS = YES;
				CLANG_ANALYZER_NONNULL = YES;
				CLANG_ANALYZER_NUMBER_OBJECT_CONVERSION = YES_AGGRESSIVE;
				CLANG_CXX_LANGUAGE_STANDARD = "gnu++20";
				CLANG_ENABLE_MODULES = YES;
				CLANG_ENABLE_OBJC_ARC = YES;
				CLANG_ENABLE_OBJC_WEAK = YES;
				CLANG_WARN_BLOCK_CAPTURE_AUTORELEASING = YES;
				CLANG_WARN_BOOL_CONVERSION = YES;
				CLANG_WARN_COMMA = YES;
				CLANG_WARN_CONSTANT_CONVERSION = YES;
				CLANG_WARN_DEPRECATED_OBJC_IMPLEMENTATIONS = YES;
				CLANG_WARN_DIRECT_OBJC_ISA_USAGE = YES_ERROR;
				CLANG_WARN_DOCUMENTATION_COMMENTS = YES;
				CLANG_WARN_EMPTY_BODY = YES;
				CLANG_WARN_ENUM_CONVERSION = YES;
				CLANG_WARN_INFINITE_RECURSION = YES;
				CLANG_WARN_INT_CONVERSION = YES;
				CLANG_WARN_NON_LITERAL_NULL_CONVERSION = YES;
				CLANG_WARN_OBJC_IMPLICIT_RETAIN_SELF = YES;
				CLANG_WARN_OBJC_LITERAL_CONVERSION = YES;
				CLANG_WARN_OBJC_ROOT_CLASS = YES_ERROR;
				CLANG_WARN_QUOTED_INCLUDE_IN_FRAMEWORK_HEADER = YES;
				CLANG_WARN_RANGE_LOOP_ANALYSIS = YES;
				CLANG_WARN_STRICT_PROTOTYPES = YES;
				CLANG_WARN_SUSPICIOUS_MOVE = YES;
				CLANG_WARN_UNGUARDED_AVAILABILITY = YES_AGGRESSIVE;
				CLANG_WARN_UNREACHABLE_CODE = YES;
				CLANG_WARN__DUPLICATE_METHOD_MATCH = YES;
				COPY_PHASE_STRIP = NO;
				DEBUG_INFORMATION_FORMAT = "dwarf-with-dsym";
				ENABLE_NS_ASSERTIONS = NO;
				ENABLE_STRICT_OBJC_MSGSEND = YES;
				ENABLE_USER_SCRIPT_SANDBOXING = YES;
				GCC_C_LANGUAGE_STANDARD = gnu17;
				GCC_NO_COMMON_BLOCKS = YES;
				GCC_WARN_64_TO_32_BIT_CONVERSION = YES;
				GCC_WARN_ABOUT_RETURN_TYPE = YES_ERROR;
				GCC_WARN_UNDECLARED_SELECTOR = YES;
				GCC_WARN_UNINITIALIZED_AUTOS = YES_AGGRESSIVE;
				GCC_WARN_UNUSED_FUNCTION = YES;
				GCC_WARN_UNUSED_VARIABLE = YES;
				IPHONEOS_DEPLOYMENT_TARGET = 17.2;
				LOCALIZATION_PREFERS_STRING_CATALOGS = YES;
				MTL_ENABLE_DEBUG_INFO = NO;
				MTL_FAST_MATH = YES;
				SDKROOT = iphoneos;
				SWIFT_COMPILATION_MODE = wholemodule;
				VALIDATE_PRODUCT = YES;
			};
			name = Release;
		};
		64D1CF8B2BD2460E00D4C065 /* Debug */ = {
			isa = XCBuildConfiguration;
			buildSettings = {
				ASSETCATALOG_COMPILER_APPICON_NAME = AppIcon;
				ASSETCATALOG_COMPILER_GLOBAL_ACCENT_COLOR_NAME = AccentColor;
				"CODE_SIGN_IDENTITY[sdk=iphoneos*]" = "iPhone Developer";
				CODE_SIGN_STYLE = Manual;
				CURRENT_PROJECT_VERSION = 1;
				DEVELOPMENT_TEAM = "";
				"DEVELOPMENT_TEAM[sdk=iphoneos*]" = RYVUTWMQKX;
				GENERATE_INFOPLIST_FILE = YES;
				INFOPLIST_FILE = CollectionViewPhotos/Info.plist;
				INFOPLIST_KEY_UIApplicationSupportsIndirectInputEvents = YES;
				INFOPLIST_KEY_UILaunchStoryboardName = LaunchScreen;
				INFOPLIST_KEY_UIMainStoryboardFile = Main;
				INFOPLIST_KEY_UISupportedInterfaceOrientations_iPad = "UIInterfaceOrientationPortrait UIInterfaceOrientationPortraitUpsideDown UIInterfaceOrientationLandscapeLeft UIInterfaceOrientationLandscapeRight";
				INFOPLIST_KEY_UISupportedInterfaceOrientations_iPhone = "UIInterfaceOrientationPortrait UIInterfaceOrientationLandscapeLeft UIInterfaceOrientationLandscapeRight";
				LD_RUNPATH_SEARCH_PATHS = (
					"$(inherited)",
					"@executable_path/Frameworks",
				);
				MARKETING_VERSION = 1.0;
				PRODUCT_BUNDLE_IDENTIFIER = com.lgyun.CollectionViewPhotos;
				PRODUCT_NAME = "$(TARGET_NAME)";
				PROVISIONING_PROFILE_SPECIFIER = "";
				"PROVISIONING_PROFILE_SPECIFIER[sdk=iphoneos*]" = com.lgyun;
				SWIFT_EMIT_LOC_STRINGS = YES;
				SWIFT_VERSION = 5.0;
				TARGETED_DEVICE_FAMILY = "1,2";
			};
			name = Debug;
		};
		64D1CF8C2BD2460E00D4C065 /* Release */ = {
			isa = XCBuildConfiguration;
			buildSettings = {
				ASSETCATALOG_COMPILER_APPICON_NAME = AppIcon;
				ASSETCATALOG_COMPILER_GLOBAL_ACCENT_COLOR_NAME = AccentColor;
				"CODE_SIGN_IDENTITY[sdk=iphoneos*]" = "iPhone Developer";
				CODE_SIGN_STYLE = Manual;
				CURRENT_PROJECT_VERSION = 1;
				DEVELOPMENT_TEAM = "";
				"DEVELOPMENT_TEAM[sdk=iphoneos*]" = RYVUTWMQKX;
				GENERATE_INFOPLIST_FILE = YES;
				INFOPLIST_FILE = CollectionViewPhotos/Info.plist;
				INFOPLIST_KEY_UIApplicationSupportsIndirectInputEvents = YES;
				INFOPLIST_KEY_UILaunchStoryboardName = LaunchScreen;
				INFOPLIST_KEY_UIMainStoryboardFile = Main;
				INFOPLIST_KEY_UISupportedInterfaceOrientations_iPad = "UIInterfaceOrientationPortrait UIInterfaceOrientationPortraitUpsideDown UIInterfaceOrientationLandscapeLeft UIInterfaceOrientationLandscapeRight";
				INFOPLIST_KEY_UISupportedInterfaceOrientations_iPhone = "UIInterfaceOrientationPortrait UIInterfaceOrientationLandscapeLeft UIInterfaceOrientationLandscapeRight";
				LD_RUNPATH_SEARCH_PATHS = (
					"$(inherited)",
					"@executable_path/Frameworks",
				);
				MARKETING_VERSION = 1.0;
				PRODUCT_BUNDLE_IDENTIFIER = com.lgyun.CollectionViewPhotos;
				PRODUCT_NAME = "$(TARGET_NAME)";
				PROVISIONING_PROFILE_SPECIFIER = "";
				"PROVISIONING_PROFILE_SPECIFIER[sdk=iphoneos*]" = com.lgyun;
				SWIFT_EMIT_LOC_STRINGS = YES;
				SWIFT_VERSION = 5.0;
				TARGETED_DEVICE_FAMILY = "1,2";
			};
			name = Release;
		};
/* End XCBuildConfiguration section */

/* Begin XCConfigurationList section */
		64D1CF712BD2460C00D4C065 /* Build configuration list for PBXProject "CollectionViewPhotos" */ = {
			isa = XCConfigurationList;
			buildConfigurations = (
				64D1CF882BD2460E00D4C065 /* Debug */,
				64D1CF892BD2460E00D4C065 /* Release */,
			);
			defaultConfigurationIsVisible = 0;
			defaultConfigurationName = Release;
		};
		64D1CF8A2BD2460E00D4C065 /* Build configuration list for PBXNativeTarget "CollectionViewPhotos" */ = {
			isa = XCConfigurationList;
			buildConfigurations = (
				64D1CF8B2BD2460E00D4C065 /* Debug */,
				64D1CF8C2BD2460E00D4C065 /* Release */,
			);
			defaultConfigurationIsVisible = 0;
			defaultConfigurationName = Release;
		};
/* End XCConfigurationList section */
	};
	rootObject = 64D1CF6E2BD2460C00D4C065 /* Project object */;
}
